
Microsoft Visual Studio Solution File, Format Version 12.00
# Visual Studio Version 17
VisualStudioVersion = 17.3.32819.101
MinimumVisualStudioVersion = 10.0.40219.1
Project("{FAE04EC0-301F-11D3-BF4B-00C04F79EFBC}") = "BHBSeguros", "BHBSeguros\BHBSeguros.csproj", "{BE7157AE-1BC9-40E7-A4CC-D1BB95378D09}"
EndProject
Global
	GlobalSection(SolutionConfigurationPlatforms) = preSolution
		Debug|Any CPU = Debug|Any CPU
		Release|Any CPU = Release|Any CPU
	EndGlobalSection
	GlobalSection(ProjectConfigurationPlatforms) = postSolution
		{BE7157AE-1BC9-40E7-A4CC-D1BB95378D09}.Debug|Any CPU.ActiveCfg = Debug|Any CPU
		{BE7157AE-1BC9-40E7-A4CC-D1BB95378D09}.Debug|Any CPU.Build.0 = Debug|Any CPU
		{BE7157AE-1BC9-40E7-A4CC-D1BB95378D09}.Release|Any CPU.ActiveCfg = Release|Any CPU
		{BE7157AE-1BC9-40E7-A4CC-D1BB95378D09}.Release|Any CPU.Build.0 = Release|Any CPU
	EndGlobalSection
	GlobalSection(SolutionProperties) = preSolution
		HideSolutionNode = FALSE
	EndGlobalSection
	GlobalSection(ExtensibilityGlobals) = postSolution
		SolutionGuid = {88ECB1A9-04DB-45A9-8666-DCE999C58A90}
	EndGlobalSection
EndGlobal
